
Microsoft Visual Studio Solution File, Format Version 12.00
# Visual Studio Version 17
VisualStudioVersion = 17.6.33829.357
MinimumVisualStudioVersion = 10.0.40219.1
Project("{FAE04EC0-301F-11D3-BF4B-00C04F79EFBC}") = "Dyaneshwar Wadekar Project", "Dyaneshwar Wadekar Project.csproj", "{129C3EE1-EBCF-4682-88DB-216CA0DE19B2}"
EndProject
Project("{FAE04EC0-301F-11D3-BF4B-00C04F79EFBC}") = "DAL", "..\DAL\DAL.csproj", "{B40F08DE-DBE9-4863-A1CE-94840A787B0C}"
EndProject
Project("{FAE04EC0-301F-11D3-BF4B-00C04F79EFBC}") = "Services", "..\Services\Services.csproj", "{EE5E29BB-BE6F-4A5A-9155-5CC442027111}"
EndProject
Global
	GlobalSection(SolutionConfigurationPlatforms) = preSolution
		Debug|Any CPU = Debug|Any CPU
		Release|Any CPU = Release|Any CPU
	EndGlobalSection
	GlobalSection(ProjectConfigurationPlatforms) = postSolution
		{129C3EE1-EBCF-4682-88DB-216CA0DE19B2}.Debug|Any CPU.ActiveCfg = Debug|Any CPU
		{129C3EE1-EBCF-4682-88DB-216CA0DE19B2}.Debug|Any CPU.Build.0 = Debug|Any CPU
		{129C3EE1-EBCF-4682-88DB-216CA0DE19B2}.Release|Any CPU.ActiveCfg = Release|Any CPU
		{129C3EE1-EBCF-4682-88DB-216CA0DE19B2}.Release|Any CPU.Build.0 = Release|Any CPU
		{B40F08DE-DBE9-4863-A1CE-94840A787B0C}.Debug|Any CPU.ActiveCfg = Debug|Any CPU
		{B40F08DE-DBE9-4863-A1CE-94840A787B0C}.Debug|Any CPU.Build.0 = Debug|Any CPU
		{B40F08DE-DBE9-4863-A1CE-94840A787B0C}.Release|Any CPU.ActiveCfg = Release|Any CPU
		{B40F08DE-DBE9-4863-A1CE-94840A787B0C}.Release|Any CPU.Build.0 = Release|Any CPU
		{EE5E29BB-BE6F-4A5A-9155-5CC442027111}.Debug|Any CPU.ActiveCfg = Debug|Any CPU
		{EE5E29BB-BE6F-4A5A-9155-5CC442027111}.Debug|Any CPU.Build.0 = Debug|Any CPU
		{EE5E29BB-BE6F-4A5A-9155-5CC442027111}.Release|Any CPU.ActiveCfg = Release|Any CPU
		{EE5E29BB-BE6F-4A5A-9155-5CC442027111}.Release|Any CPU.Build.0 = Release|Any CPU
	EndGlobalSection
	GlobalSection(SolutionProperties) = preSolution
		HideSolutionNode = FALSE
	EndGlobalSection
	GlobalSection(ExtensibilityGlobals) = postSolution
		SolutionGuid = {45845E73-5CEE-4EF0-8BFC-55FE64A81BCF}
	EndGlobalSection
EndGlobal
